// !$*UTF8*$!
{
	archiveVersion = 1;
	classes = {
	};
	objectVersion = 46;
	objects = {

/* Begin PBXBuildFile section */
		30378AD41E11228D002D75B7 /* main.m in Sources */ = {isa = PBXBuildFile; fileRef = 30378AD31E11228D002D75B7 /* main.m */; };
		30378AD71E11228D002D75B7 /* AppDelegate.m in Sources */ = {isa = PBXBuildFile; fileRef = 30378AD61E11228D002D75B7 /* AppDelegate.m */; };
		30378ADD1E11228D002D75B7 /* Main.storyboard in Resources */ = {isa = PBXBuildFile; fileRef = 30378ADB1E11228D002D75B7 /* Main.storyboard */; };
		30378ADF1E11228D002D75B7 /* Assets.xcassets in Resources */ = {isa = PBXBuildFile; fileRef = 30378ADE1E11228D002D75B7 /* Assets.xcassets */; };
		30378AE21E11228D002D75B7 /* LaunchScreen.storyboard in Resources */ = {isa = PBXBuildFile; fileRef = 30378AE01E11228D002D75B7 /* LaunchScreen.storyboard */; };
		30378AF51E11FF1A002D75B7 /* TestClass.m in Sources */ = {isa = PBXBuildFile; fileRef = 30378AF31E11FF1A002D75B7 /* TestClass.m */; };
		30378B061E120907002D75B7 /* MainViewController.m in Sources */ = {isa = PBXBuildFile; fileRef = 30378B021E120907002D75B7 /* MainViewController.m */; };
		30378B071E120907002D75B7 /* ViewController.m in Sources */ = {isa = PBXBuildFile; fileRef = 30378B041E120907002D75B7 /* ViewController.m */; };
		30378B0C1E120DE2002D75B7 /* ClassesViewController.m in Sources */ = {isa = PBXBuildFile; fileRef = 30378B0B1E120DE2002D75B7 /* ClassesViewController.m */; };
/* End PBXBuildFile section */

/* Begin PBXFileReference section */
		30378ACF1E11228D002D75B7 /* Runtime_Down.app */ = {isa = PBXFileReference; explicitFileType = wrapper.application; includeInIndex = 0; path = Runtime_Down.app; sourceTree = BUILT_PRODUCTS_DIR; };
		30378AD31E11228D002D75B7 /* main.m */ = {isa = PBXFileReference; lastKnownFileType = sourcecode.c.objc; path = main.m; sourceTree = "<group>"; };
		30378AD51E11228D002D75B7 /* AppDelegate.h */ = {isa = PBXFileReference; lastKnownFileType = sourcecode.c.h; path = AppDelegate.h; sourceTree = "<group>"; };
		30378AD61E11228D002D75B7 /* AppDelegate.m */ = {isa = PBXFileReference; lastKnownFileType = sourcecode.c.objc; path = AppDelegate.m; sourceTree = "<group>"; };
		30378ADC1E11228D002D75B7 /* Base */ = {isa = PBXFileReference; lastKnownFileType = file.storyboard; name = Base; path = Base.lproj/Main.storyboard; sourceTree = "<group>"; };
		30378ADE1E11228D002D75B7 /* Assets.xcassets */ = {isa = PBXFileReference; lastKnownFileType = folder.assetcatalog; path = Assets.xcassets; sourceTree = "<group>"; };
		30378AE11E11228D002D75B7 /* Base */ = {isa = PBXFileReference; lastKnownFileType = file.storyboard; name = Base; path = Base.lproj/LaunchScreen.storyboard; sourceTree = "<group>"; };
		30378AE31E11228D002D75B7 /* Info.plist */ = {isa = PBXFileReference; lastKnownFileType = text.plist.xml; path = Info.plist; sourceTree = "<group>"; };
		30378AF21E11FF1A002D75B7 /* TestClass.h */ = {isa = PBXFileReference; fileEncoding = 4; lastKnownFileType = sourcecode.c.h; path = TestClass.h; sourceTree = "<group>"; };
		30378AF31E11FF1A002D75B7 /* TestClass.m */ = {isa = PBXFileReference; fileEncoding = 4; lastKnownFileType = sourcecode.c.objc; path = TestClass.m; sourceTree = "<group>"; };
		30378AF61E1200CF002D75B7 /* jr_runtime.h */ = {isa = PBXFileReference; lastKnownFileType = sourcecode.c.h; path = jr_runtime.h; sourceTree = "<group>"; };
		30378AF81E12052C002D75B7 /* simple_runtime.h */ = {isa = PBXFileReference; lastKnownFileType = sourcecode.c.h; path = simple_runtime.h; sourceTree = "<group>"; };
		30378B011E120907002D75B7 /* MainViewController.h */ = {isa = PBXFileReference; fileEncoding = 4; lastKnownFileType = sourcecode.c.h; path = MainViewController.h; sourceTree = "<group>"; };
		30378B021E120907002D75B7 /* MainViewController.m */ = {isa = PBXFileReference; fileEncoding = 4; lastKnownFileType = sourcecode.c.objc; path = MainViewController.m; sourceTree = "<group>"; };
		30378B031E120907002D75B7 /* ViewController.h */ = {isa = PBXFileReference; fileEncoding = 4; lastKnownFileType = sourcecode.c.h; path = ViewController.h; sourceTree = "<group>"; };
		30378B041E120907002D75B7 /* ViewController.m */ = {isa = PBXFileReference; fileEncoding = 4; lastKnownFileType = sourcecode.c.objc; path = ViewController.m; sourceTree = "<group>"; };
		30378B081E120A5F002D75B7 /* jr_UIViewController.h */ = {isa = PBXFileReference; lastKnownFileType = sourcecode.c.h; path = jr_UIViewController.h; sourceTree = "<group>"; };
		30378B0A1E120DE2002D75B7 /* ClassesViewController.h */ = {isa = PBXFileReference; fileEncoding = 4; lastKnownFileType = sourcecode.c.h; path = ClassesViewController.h; sourceTree = "<group>"; };
		30378B0B1E120DE2002D75B7 /* ClassesViewController.m */ = {isa = PBXFileReference; fileEncoding = 4; lastKnownFileType = sourcecode.c.objc; path = ClassesViewController.m; sourceTree = "<group>"; };
/* End PBXFileReference section */

/* Begin PBXFrameworksBuildPhase section */
		30378ACC1E11228D002D75B7 /* Frameworks */ = {
			isa = PBXFrameworksBuildPhase;
			buildActionMask = 2147483647;
			files = (
			);
			runOnlyForDeploymentPostprocessing = 0;
		};
/* End PBXFrameworksBuildPhase section */

/* Begin PBXGroup section */
		30378AC61E11228D002D75B7 = {
			isa = PBXGroup;
			children = (
				30378AD11E11228D002D75B7 /* Runtime_Down */,
			);
			sourceTree = "<group>";
		};
		30378AD01E11228D002D75B7 /* Products */ = {
			isa = PBXGroup;
			children = (
				30378ACF1E11228D002D75B7 /* Runtime_Down.app */,
			);
			name = Products;
			path = ..;
			sourceTree = "<group>";
		};
		30378AD11E11228D002D75B7 /* Runtime_Down */ = {
			isa = PBXGroup;
			children = (
				30378AD51E11228D002D75B7 /* AppDelegate.h */,
				30378AD61E11228D002D75B7 /* AppDelegate.m */,
				30378AEC1E11FF1A002D75B7 /* Classes */,
				30378AD21E11228D002D75B7 /* Supporting Files */,
				30378AD01E11228D002D75B7 /* Products */,
			);
			path = Runtime_Down;
			sourceTree = "<group>";
		};
		30378AD21E11228D002D75B7 /* Supporting Files */ = {
			isa = PBXGroup;
			children = (
				30378ADB1E11228D002D75B7 /* Main.storyboard */,
				30378ADE1E11228D002D75B7 /* Assets.xcassets */,
				30378AE01E11228D002D75B7 /* LaunchScreen.storyboard */,
				30378AE31E11228D002D75B7 /* Info.plist */,
				30378AD31E11228D002D75B7 /* main.m */,
			);
			name = "Supporting Files";
			sourceTree = "<group>";
		};
		30378AEC1E11FF1A002D75B7 /* Classes */ = {
			isa = PBXGroup;
			children = (
				30378AED1E11FF1A002D75B7 /* HeadFiles */,
				30378AF71E12050F002D75B7 /* SimpleHeadFiles */,
				30378AEE1E11FF1A002D75B7 /* MainClasses */,
				30378AF11E11FF1A002D75B7 /* TestClasses */,
			);
			path = Classes;
			sourceTree = "<group>";
		};
		30378AED1E11FF1A002D75B7 /* HeadFiles */ = {
			isa = PBXGroup;
			children = (
				30378AF61E1200CF002D75B7 /* jr_runtime.h */,
				30378B081E120A5F002D75B7 /* jr_UIViewController.h */,
			);
			path = HeadFiles;
			sourceTree = "<group>";
		};
		30378AEE1E11FF1A002D75B7 /* MainClasses */ = {
			isa = PBXGroup;
			children = (
				30378AF91E1208D3002D75B7 /* BaseClasses */,
				30378B091E120DAE002D75B7 /* WorkingwithClasses */,
			);
			path = MainClasses;
			sourceTree = "<group>";
		};
		30378AF11E11FF1A002D75B7 /* TestClasses */ = {
			isa = PBXGroup;
			children = (
				30378AF21E11FF1A002D75B7 /* TestClass.h */,
				30378AF31E11FF1A002D75B7 /* TestClass.m */,
			);
			path = TestClasses;
			sourceTree = "<group>";
		};
		30378AF71E12050F002D75B7 /* SimpleHeadFiles */ = {
			isa = PBXGroup;
			children = (
				30378AF81E12052C002D75B7 /* simple_runtime.h */,
			);
			path = SimpleHeadFiles;
			sourceTree = "<group>";
		};
		30378AF91E1208D3002D75B7 /* BaseClasses */ = {
			isa = PBXGroup;
			children = (
				30378B001E120907002D75B7 /* Controllers */,
				30378B051E120907002D75B7 /* Views */,
			);
			path = BaseClasses;
			sourceTree = "<group>";
		};
		30378B001E120907002D75B7 /* Controllers */ = {
			isa = PBXGroup;
			children = (
				30378B011E120907002D75B7 /* MainViewController.h */,
				30378B021E120907002D75B7 /* MainViewController.m */,
				30378B031E120907002D75B7 /* ViewController.h */,
				30378B041E120907002D75B7 /* ViewController.m */,
			);
			path = Controllers;
			sourceTree = "<group>";
		};
		30378B051E120907002D75B7 /* Views */ = {
			isa = PBXGroup;
			children = (
			);
			path = Views;
			sourceTree = "<group>";
		};
		30378B091E120DAE002D75B7 /* WorkingwithClasses */ = {
			isa = PBXGroup;
			children = (
				30378B0A1E120DE2002D75B7 /* ClassesViewController.h */,
				30378B0B1E120DE2002D75B7 /* ClassesViewController.m */,
			);
			path = WorkingwithClasses;
			sourceTree = "<group>";
		};
/* End PBXGroup section */

/* Begin PBXNativeTarget section */
		30378ACE1E11228D002D75B7 /* Runtime_Down */ = {
			isa = PBXNativeTarget;
			buildConfigurationList = 30378AE61E11228D002D75B7 /* Build configuration list for PBXNativeTarget "Runtime_Down" */;
			buildPhases = (
				30378ACB1E11228D002D75B7 /* Sources */,
				30378ACC1E11228D002D75B7 /* Frameworks */,
				30378ACD1E11228D002D75B7 /* Resources */,
			);
			buildRules = (
			);
			dependencies = (
			);
			name = Runtime_Down;
			productName = Runtime_Down;
			productReference = 30378ACF1E11228D002D75B7 /* Runtime_Down.app */;
			productType = "com.apple.product-type.application";
		};
/* End PBXNativeTarget section */

/* Begin PBXProject section */
		30378AC71E11228D002D75B7 /* Project object */ = {
			isa = PBXProject;
			attributes = {
				LastUpgradeCheck = 0820;
				ORGANIZATIONNAME = "王潇";
				TargetAttributes = {
					30378ACE1E11228D002D75B7 = {
						CreatedOnToolsVersion = 8.2;
						ProvisioningStyle = Automatic;
					};
				};
			};
			buildConfigurationList = 30378ACA1E11228D002D75B7 /* Build configuration list for PBXProject "Runtime_Down" */;
			compatibilityVersion = "Xcode 3.2";
			developmentRegion = English;
			hasScannedForEncodings = 0;
			knownRegions = (
				en,
				Base,
			);
			mainGroup = 30378AC61E11228D002D75B7;
			productRefGroup = 30378AD01E11228D002D75B7 /* Products */;
			projectDirPath = "";
			projectRoot = "";
			targets = (
				30378ACE1E11228D002D75B7 /* Runtime_Down */,
			);
		};
/* End PBXProject section */

/* Begin PBXResourcesBuildPhase section */
		30378ACD1E11228D002D75B7 /* Resources */ = {
			isa = PBXResourcesBuildPhase;
			buildActionMask = 2147483647;
			files = (
				30378AE21E11228D002D75B7 /* LaunchScreen.storyboard in Resources */,
				30378ADF1E11228D002D75B7 /* Assets.xcassets in Resources */,
				30378ADD1E11228D002D75B7 /* Main.storyboard in Resources */,
			);
			runOnlyForDeploymentPostprocessing = 0;
		};
/* End PBXResourcesBuildPhase section */

/* Begin PBXSourcesBuildPhase section */
		30378ACB1E11228D002D75B7 /* Sources */ = {
			isa = PBXSourcesBuildPhase;
			buildActionMask = 2147483647;
			files = (
				30378AF51E11FF1A002D75B7 /* TestClass.m in Sources */,
				30378AD71E11228D002D75B7 /* AppDelegate.m in Sources */,
				30378AD41E11228D002D75B7 /* main.m in Sources */,
				30378B0C1E120DE2002D75B7 /* ClassesViewController.m in Sources */,
				30378B061E120907002D75B7 /* MainViewController.m in Sources */,
				30378B071E120907002D75B7 /* ViewController.m in Sources */,
			);
			runOnlyForDeploymentPostprocessing = 0;
		};
/* End PBXSourcesBuildPhase section */

/* Begin PBXVariantGroup section */
		30378ADB1E11228D002D75B7 /* Main.storyboard */ = {
			isa = PBXVariantGroup;
			children = (
				30378ADC1E11228D002D75B7 /* Base */,
			);
			name = Main.storyboard;
			sourceTree = "<group>";
		};
		30378AE01E11228D002D75B7 /* LaunchScreen.storyboard */ = {
			isa = PBXVariantGroup;
			children = (
				30378AE11E11228D002D75B7 /* Base */,
			);
			name = LaunchScreen.storyboard;
			sourceTree = "<group>";
		};
/* End PBXVariantGroup section */

/* Begin XCBuildConfiguration section */
		30378AE41E11228D002D75B7 /* Debug */ = {
			isa = XCBuildConfiguration;
			buildSettings = {
				ALWAYS_SEARCH_USER_PATHS = NO;
				CLANG_ANALYZER_NONNULL = YES;
				CLANG_CXX_LANGUAGE_STANDARD = "gnu++0x";
				CLANG_CXX_LIBRARY = "libc++";
				CLANG_ENABLE_MODULES = YES;
				CLANG_ENABLE_OBJC_ARC = YES;
				CLANG_WARN_BOOL_CONVERSION = YES;
				CLANG_WARN_CONSTANT_CONVERSION = YES;
				CLANG_WARN_DIRECT_OBJC_ISA_USAGE = YES_ERROR;
				CLANG_WARN_DOCUMENTATION_COMMENTS = YES;
				CLANG_WARN_EMPTY_BODY = YES;
				CLANG_WARN_ENUM_CONVERSION = YES;
				CLANG_WARN_INFINITE_RECURSION = YES;
				CLANG_WARN_INT_CONVERSION = YES;
				CLANG_WARN_OBJC_ROOT_CLASS = YES_ERROR;
				CLANG_WARN_SUSPICIOUS_MOVE = YES;
				CLANG_WARN_UNREACHABLE_CODE = YES;
				CLANG_WARN__DUPLICATE_METHOD_MATCH = YES;
				"CODE_SIGN_IDENTITY[sdk=iphoneos*]" = "iPhone Developer";
				COPY_PHASE_STRIP = NO;
				DEBUG_INFORMATION_FORMAT = dwarf;
				ENABLE_STRICT_OBJC_MSGSEND = YES;
				ENABLE_TESTABILITY = YES;
				GCC_C_LANGUAGE_STANDARD = gnu99;
				GCC_DYNAMIC_NO_PIC = NO;
				GCC_NO_COMMON_BLOCKS = YES;
				GCC_OPTIMIZATION_LEVEL = 0;
				GCC_PREPROCESSOR_DEFINITIONS = (
					"DEBUG=1",
					"$(inherited)",
				);
				GCC_WARN_64_TO_32_BIT_CONVERSION = YES;
				GCC_WARN_ABOUT_RETURN_TYPE = YES_ERROR;
				GCC_WARN_UNDECLARED_SELECTOR = YES;
				GCC_WARN_UNINITIALIZED_AUTOS = YES_AGGRESSIVE;
				GCC_WARN_UNUSED_FUNCTION = YES;
				GCC_WARN_UNUSED_VARIABLE = YES;
				IPHONEOS_DEPLOYMENT_TARGET = 10.2;
				MTL_ENABLE_DEBUG_INFO = YES;
				ONLY_ACTIVE_ARCH = YES;
				SDKROOT = iphoneos;
				TARGETED_DEVICE_FAMILY = "1,2";
			};
			name = Debug;
		};
		30378AE51E11228D002D75B7 /* Release */ = {
			isa = XCBuildConfiguration;
			buildSettings = {
				ALWAYS_SEARCH_USER_PATHS = NO;
				CLANG_ANALYZER_NONNULL = YES;
				CLANG_CXX_LANGUAGE_STANDARD = "gnu++0x";
				CLANG_CXX_LIBRARY = "libc++";
				CLANG_ENABLE_MODULES = YES;
				CLANG_ENABLE_OBJC_ARC = YES;
				CLANG_WARN_BOOL_CONVERSION = YES;
				CLANG_WARN_CONSTANT_CONVERSION = YES;
				CLANG_WARN_DIRECT_OBJC_ISA_USAGE = YES_ERROR;
				CLANG_WARN_DOCUMENTATION_COMMENTS = YES;
				CLANG_WARN_EMPTY_BODY = YES;
				CLANG_WARN_ENUM_CONVERSION = YES;
				CLANG_WARN_INFINITE_RECURSION = YES;
				CLANG_WARN_INT_CONVERSION = YES;
				CLANG_WARN_OBJC_ROOT_CLASS = YES_ERROR;
				CLANG_WARN_SUSPICIOUS_MOVE = YES;
				CLANG_WARN_UNREACHABLE_CODE = YES;
				CLANG_WARN__DUPLICATE_METHOD_MATCH = YES;
				"CODE_SIGN_IDENTITY[sdk=iphoneos*]" = "iPhone Developer";
				COPY_PHASE_STRIP = NO;
				DEBUG_INFORMATION_FORMAT = "dwarf-with-dsym";
				ENABLE_NS_ASSERTIONS = NO;
				ENABLE_STRICT_OBJC_MSGSEND = YES;
				GCC_C_LANGUAGE_STANDARD = gnu99;
				GCC_NO_COMMON_BLOCKS = YES;
				GCC_WARN_64_TO_32_BIT_CONVERSION = YES;
				GCC_WARN_ABOUT_RETURN_TYPE = YES_ERROR;
				GCC_WARN_UNDECLARED_SELECTOR = YES;
				GCC_WARN_UNINITIALIZED_AUTOS = YES_AGGRESSIVE;
				GCC_WARN_UNUSED_FUNCTION = YES;
				GCC_WARN_UNUSED_VARIABLE = YES;
				IPHONEOS_DEPLOYMENT_TARGET = 10.2;
				MTL_ENABLE_DEBUG_INFO = NO;
				SDKROOT = iphoneos;
				TARGETED_DEVICE_FAMILY = "1,2";
				VALIDATE_PRODUCT = YES;
			};
			name = Release;
		};
		30378AE71E11228D002D75B7 /* Debug */ = {
			isa = XCBuildConfiguration;
			buildSettings = {
				ASSETCATALOG_COMPILER_APPICON_NAME = AppIcon;
				INFOPLIST_FILE = Runtime_Down/Info.plist;
				LD_RUNPATH_SEARCH_PATHS = "$(inherited) @executable_path/Frameworks";
				PRODUCT_BUNDLE_IDENTIFIER = "jerry.wx.Runtime-Down";
				PRODUCT_NAME = "$(TARGET_NAME)";
			};
			name = Debug;
		};
		30378AE81E11228D002D75B7 /* Release */ = {
			isa = XCBuildConfiguration;
			buildSettings = {
				ASSETCATALOG_COMPILER_APPICON_NAME = AppIcon;
				INFOPLIST_FILE = Runtime_Down/Info.plist;
				LD_RUNPATH_SEARCH_PATHS = "$(inherited) @executable_path/Frameworks";
				PRODUCT_BUNDLE_IDENTIFIER = "jerry.wx.Runtime-Down";
				PRODUCT_NAME = "$(TARGET_NAME)";
			};
			name = Release;
		};
/* End XCBuildConfiguration section */

/* Begin XCConfigurationList section */
		30378ACA1E11228D002D75B7 /* Build configuration list for PBXProject "Runtime_Down" */ = {
			isa = XCConfigurationList;
			buildConfigurations = (
				30378AE41E11228D002D75B7 /* Debug */,
				30378AE51E11228D002D75B7 /* Release */,
			);
			defaultConfigurationIsVisible = 0;
			defaultConfigurationName = Release;
		};
		30378AE61E11228D002D75B7 /* Build configuration list for PBXNativeTarget "Runtime_Down" */ = {
			isa = XCConfigurationList;
			buildConfigurations = (
				30378AE71E11228D002D75B7 /* Debug */,
				30378AE81E11228D002D75B7 /* Release */,
			);
			defaultConfigurationIsVisible = 0;
			defaultConfigurationName = Release;
		};
/* End XCConfigurationList section */
	};
	rootObject = 30378AC71E11228D002D75B7 /* Project object */;
}
